
Microsoft Visual Studio Solution File, Format Version 12.00
# Visual Studio Version 17
VisualStudioVersion = 17.10.35027.167
MinimumVisualStudioVersion = 10.0.40219.1
Project("{FAE04EC0-301F-11D3-BF4B-00C04F79EFBC}") = "ExchangeProject", "ExchangeProject\ExchangeProject.csproj", "{14EBC6AA-7C20-40E9-846D-B6F83DDA15BE}"
EndProject
Global
	GlobalSection(SolutionConfigurationPlatforms) = preSolution
		Debug|Any CPU = Debug|Any CPU
		Release|Any CPU = Release|Any CPU
	EndGlobalSection
	GlobalSection(ProjectConfigurationPlatforms) = postSolution
		{14EBC6AA-7C20-40E9-846D-B6F83DDA15BE}.Debug|Any CPU.ActiveCfg = Debug|Any CPU
		{14EBC6AA-7C20-40E9-846D-B6F83DDA15BE}.Debug|Any CPU.Build.0 = Debug|Any CPU
		{14EBC6AA-7C20-40E9-846D-B6F83DDA15BE}.Release|Any CPU.ActiveCfg = Release|Any CPU
		{14EBC6AA-7C20-40E9-846D-B6F83DDA15BE}.Release|Any CPU.Build.0 = Release|Any CPU
	EndGlobalSection
	GlobalSection(SolutionProperties) = preSolution
		HideSolutionNode = FALSE
	EndGlobalSection
	GlobalSection(ExtensibilityGlobals) = postSolution
		SolutionGuid = {62B8F117-FC8D-4AA8-9DDB-1D5F2F902BF6}
	EndGlobalSection
EndGlobal
